
Microsoft Visual Studio Solution File, Format Version 12.00
# Visual Studio Version 17
VisualStudioVersion = 17.7.34202.233
MinimumVisualStudioVersion = 10.0.40219.1
Project("{9A19103F-16F7-4668-BE54-9A1E7A4F7556}") = "TypesAndVariables", "TypesAndVariables\TypesAndVariables.csproj", "{58D7DEE1-0B88-4ED9-B102-44CCAB6CD9EF}"
EndProject
Project("{9A19103F-16F7-4668-BE54-9A1E7A4F7556}") = "Conditionals", "Conditionals\Conditionals.csproj", "{0587C2FC-08EB-4318-9111-1E614C14D0FE}"
EndProject
Project("{9A19103F-16F7-4668-BE54-9A1E7A4F7556}") = "Methods", "Methods\Methods.csproj", "{C58C21A6-8418-4716-B21B-AC27AB0A01AC}"
EndProject
Project("{9A19103F-16F7-4668-BE54-9A1E7A4F7556}") = "Arrays", "Arrays\Arrays.csproj", "{0C8D0997-604C-4E6C-BA34-7D58DA51519B}"
EndProject
Project("{9A19103F-16F7-4668-BE54-9A1E7A4F7556}") = "Loops", "Loops\Loops.csproj", "{7F24A362-9FF8-4419-8972-3A82AF4CCFD6}"
EndProject
Project("{9A19103F-16F7-4668-BE54-9A1E7A4F7556}") = "Strings", "Strings\Strings.csproj", "{1BA41B26-67F7-48B3-897B-DF1D65E41CAC}"
EndProject
Project("{9A19103F-16F7-4668-BE54-9A1E7A4F7556}") = "Classes", "Classes\Classes.csproj", "{1B6565A9-B31D-491F-B9A0-DD0E01010085}"
EndProject
Project("{FAE04EC0-301F-11D3-BF4B-00C04F79EFBC}") = "RecapDemo1", "RecapDemo1\RecapDemo1.csproj", "{AE525A1B-DE3C-4C86-AEDB-D26C2209E5F7}"
EndProject
Project("{9A19103F-16F7-4668-BE54-9A1E7A4F7556}") = "Interfaces", "Interfaces\Interfaces.csproj", "{54D094C8-6FC6-431E-A692-4878D06DD559}"
EndProject
Project("{FAE04EC0-301F-11D3-BF4B-00C04F79EFBC}") = "InterfacesDemo", "InterfacesDemo\InterfacesDemo.csproj", "{04438C25-7E89-4797-AD30-056BAC4B7DDF}"
EndProject
Project("{FAE04EC0-301F-11D3-BF4B-00C04F79EFBC}") = "Inheritance", "Inheritance\Inheritance.csproj", "{9E489033-4070-4291-940C-A51D897E093C}"
EndProject
Global
	GlobalSection(SolutionConfigurationPlatforms) = preSolution
		Debug|Any CPU = Debug|Any CPU
		Release|Any CPU = Release|Any CPU
	EndGlobalSection
	GlobalSection(ProjectConfigurationPlatforms) = postSolution
		{58D7DEE1-0B88-4ED9-B102-44CCAB6CD9EF}.Debug|Any CPU.ActiveCfg = Debug|Any CPU
		{58D7DEE1-0B88-4ED9-B102-44CCAB6CD9EF}.Debug|Any CPU.Build.0 = Debug|Any CPU
		{58D7DEE1-0B88-4ED9-B102-44CCAB6CD9EF}.Release|Any CPU.ActiveCfg = Release|Any CPU
		{58D7DEE1-0B88-4ED9-B102-44CCAB6CD9EF}.Release|Any CPU.Build.0 = Release|Any CPU
		{0587C2FC-08EB-4318-9111-1E614C14D0FE}.Debug|Any CPU.ActiveCfg = Debug|Any CPU
		{0587C2FC-08EB-4318-9111-1E614C14D0FE}.Debug|Any CPU.Build.0 = Debug|Any CPU
		{0587C2FC-08EB-4318-9111-1E614C14D0FE}.Release|Any CPU.ActiveCfg = Release|Any CPU
		{0587C2FC-08EB-4318-9111-1E614C14D0FE}.Release|Any CPU.Build.0 = Release|Any CPU
		{C58C21A6-8418-4716-B21B-AC27AB0A01AC}.Debug|Any CPU.ActiveCfg = Debug|Any CPU
		{C58C21A6-8418-4716-B21B-AC27AB0A01AC}.Debug|Any CPU.Build.0 = Debug|Any CPU
		{C58C21A6-8418-4716-B21B-AC27AB0A01AC}.Release|Any CPU.ActiveCfg = Release|Any CPU
		{C58C21A6-8418-4716-B21B-AC27AB0A01AC}.Release|Any CPU.Build.0 = Release|Any CPU
		{0C8D0997-604C-4E6C-BA34-7D58DA51519B}.Debug|Any CPU.ActiveCfg = Debug|Any CPU
		{0C8D0997-604C-4E6C-BA34-7D58DA51519B}.Debug|Any CPU.Build.0 = Debug|Any CPU
		{0C8D0997-604C-4E6C-BA34-7D58DA51519B}.Release|Any CPU.ActiveCfg = Release|Any CPU
		{0C8D0997-604C-4E6C-BA34-7D58DA51519B}.Release|Any CPU.Build.0 = Release|Any CPU
		{7F24A362-9FF8-4419-8972-3A82AF4CCFD6}.Debug|Any CPU.ActiveCfg = Debug|Any CPU
		{7F24A362-9FF8-4419-8972-3A82AF4CCFD6}.Debug|Any CPU.Build.0 = Debug|Any CPU
		{7F24A362-9FF8-4419-8972-3A82AF4CCFD6}.Release|Any CPU.ActiveCfg = Release|Any CPU
		{7F24A362-9FF8-4419-8972-3A82AF4CCFD6}.Release|Any CPU.Build.0 = Release|Any CPU
		{1BA41B26-67F7-48B3-897B-DF1D65E41CAC}.Debug|Any CPU.ActiveCfg = Debug|Any CPU
		{1BA41B26-67F7-48B3-897B-DF1D65E41CAC}.Debug|Any CPU.Build.0 = Debug|Any CPU
		{1BA41B26-67F7-48B3-897B-DF1D65E41CAC}.Release|Any CPU.ActiveCfg = Release|Any CPU
		{1BA41B26-67F7-48B3-897B-DF1D65E41CAC}.Release|Any CPU.Build.0 = Release|Any CPU
		{1B6565A9-B31D-491F-B9A0-DD0E01010085}.Debug|Any CPU.ActiveCfg = Debug|Any CPU
		{1B6565A9-B31D-491F-B9A0-DD0E01010085}.Debug|Any CPU.Build.0 = Debug|Any CPU
		{1B6565A9-B31D-491F-B9A0-DD0E01010085}.Release|Any CPU.ActiveCfg = Release|Any CPU
		{1B6565A9-B31D-491F-B9A0-DD0E01010085}.Release|Any CPU.Build.0 = Release|Any CPU
		{AE525A1B-DE3C-4C86-AEDB-D26C2209E5F7}.Debug|Any CPU.ActiveCfg = Debug|Any CPU
		{AE525A1B-DE3C-4C86-AEDB-D26C2209E5F7}.Debug|Any CPU.Build.0 = Debug|Any CPU
		{AE525A1B-DE3C-4C86-AEDB-D26C2209E5F7}.Release|Any CPU.ActiveCfg = Release|Any CPU
		{AE525A1B-DE3C-4C86-AEDB-D26C2209E5F7}.Release|Any CPU.Build.0 = Release|Any CPU
		{54D094C8-6FC6-431E-A692-4878D06DD559}.Debug|Any CPU.ActiveCfg = Debug|Any CPU
		{54D094C8-6FC6-431E-A692-4878D06DD559}.Debug|Any CPU.Build.0 = Debug|Any CPU
		{54D094C8-6FC6-431E-A692-4878D06DD559}.Release|Any CPU.ActiveCfg = Release|Any CPU
		{54D094C8-6FC6-431E-A692-4878D06DD559}.Release|Any CPU.Build.0 = Release|Any CPU
		{04438C25-7E89-4797-AD30-056BAC4B7DDF}.Debug|Any CPU.ActiveCfg = Debug|Any CPU
		{04438C25-7E89-4797-AD30-056BAC4B7DDF}.Debug|Any CPU.Build.0 = Debug|Any CPU
		{04438C25-7E89-4797-AD30-056BAC4B7DDF}.Release|Any CPU.ActiveCfg = Release|Any CPU
		{04438C25-7E89-4797-AD30-056BAC4B7DDF}.Release|Any CPU.Build.0 = Release|Any CPU
		{9E489033-4070-4291-940C-A51D897E093C}.Debug|Any CPU.ActiveCfg = Debug|Any CPU
		{9E489033-4070-4291-940C-A51D897E093C}.Debug|Any CPU.Build.0 = Debug|Any CPU
		{9E489033-4070-4291-940C-A51D897E093C}.Release|Any CPU.ActiveCfg = Release|Any CPU
		{9E489033-4070-4291-940C-A51D897E093C}.Release|Any CPU.Build.0 = Release|Any CPU
	EndGlobalSection
	GlobalSection(SolutionProperties) = preSolution
		HideSolutionNode = FALSE
	EndGlobalSection
	GlobalSection(ExtensibilityGlobals) = postSolution
		SolutionGuid = {FB40439C-0C7C-425B-A280-66E3F848DC15}
	EndGlobalSection
EndGlobal
